<?xml version="1.0" encoding="utf-8"?>
<Project ToolsVersion="4.0" xmlns="http://schemas.microsoft.com/developer/msbuild/2003">
  <ItemGroup>
    <Filter Include="소스 파일">
      <UniqueIdentifier>{4FC737F1-C7A5-4376-A066-2A32D752A2FF}</UniqueIdentifier>
      <Extensions>cpp;c;cc;cxx;c++;cppm;ixx;def;odl;idl;hpj;bat;asm;asmx</Extensions>
    </Filter>
    <Filter Include="헤더 파일">
      <UniqueIdentifier>{93995380-89BD-4b04-88EB-625FBE52EBFB}</UniqueIdentifier>
      <Extensions>h;hh;hpp;hxx;h++;hm;inl;inc;ipp;xsd</Extensions>
    </Filter>
    <Filter Include="리소스 파일">
      <UniqueIdentifier>{67DA6AB6-F800-4c08-8B7A-83BB121AAD01}</UniqueIdentifier>
      <Extensions>rc;ico;cur;bmp;dlg;rc2;rct;bin;rgs;gif;jpg;jpeg;jpe;resx;tiff;tif;png;wav;mfcribbon-ms</Extensions>
    </Filter>
    <Filter Include="pch">
      <UniqueIdentifier>{e80f3ec8-97ff-42f3-ab9b-ca7fe4c85362}</UniqueIdentifier>
    </Filter>
    <Filter Include="Header">
      <UniqueIdentifier>{64a15f70-2124-4d91-9007-8e8a590fb102}</UniqueIdentifier>
    </Filter>
    <Filter Include="Engine">
      <UniqueIdentifier>{78d5c9b0-6ef1-491e-9db2-fc387b9c3ea7}</UniqueIdentifier>
    </Filter>
    <Filter Include="Engine\core">
      <UniqueIdentifier>{4809f2e3-a93d-4e87-8c90-696b6be8394a}</UniqueIdentifier>
    </Filter>
    <Filter Include="Engine\Managers">
      <UniqueIdentifier>{8f23edbe-9fdc-42f6-8bc6-e559060baec2}</UniqueIdentifier>
    </Filter>
    <Filter Include="Engine\Managers\TimeMg">
      <UniqueIdentifier>{d4ae121c-5dd3-4906-87ac-7d22b25ed968}</UniqueIdentifier>
    </Filter>
    <Filter Include="Engine\Managers\KeyMg">
      <UniqueIdentifier>{ca47a417-f2e9-4138-b700-bc693489cd1f}</UniqueIdentifier>
    </Filter>
    <Filter Include="Engine\scene">
      <UniqueIdentifier>{a658175d-0e8d-4287-9d1f-9fb8d461d328}</UniqueIdentifier>
    </Filter>
    <Filter Include="Engine\Object">
      <UniqueIdentifier>{0bd3cf7c-a4af-4e67-a359-35a744574aa2}</UniqueIdentifier>
    </Filter>
    <Filter Include="Engine\Managers\SceneMg">
      <UniqueIdentifier>{6b8a45ea-1a45-41f0-b518-9acc345fffa2}</UniqueIdentifier>
    </Filter>
  </ItemGroup>
  <ItemGroup>
    <ClInclude Include="framework.h">
      <Filter>헤더 파일</Filter>
    </ClInclude>
    <ClInclude Include="targetver.h">
      <Filter>헤더 파일</Filter>
    </ClInclude>
    <ClInclude Include="Resource.h">
      <Filter>헤더 파일</Filter>
    </ClInclude>
    <ClInclude Include="WinStudy.h">
      <Filter>헤더 파일</Filter>
    </ClInclude>
    <ClInclude Include="pch.h">
      <Filter>pch</Filter>
    </ClInclude>
    <ClInclude Include="Core.h">
      <Filter>Engine\core</Filter>
    </ClInclude>
    <ClInclude Include="define.h">
      <Filter>Header</Filter>
    </ClInclude>
    <ClInclude Include="struct.h">
      <Filter>Header</Filter>
    </ClInclude>
    <ClInclude Include="Object.h">
      <Filter>Engine\Object</Filter>
    </ClInclude>
    <ClInclude Include="TimeMg.h">
      <Filter>Engine\Managers\TimeMg</Filter>
    </ClInclude>
    <ClInclude Include="KeyMg.h">
      <Filter>Engine\Managers\KeyMg</Filter>
    </ClInclude>
    <ClInclude Include="Scene.h">
      <Filter>Engine\scene</Filter>
    </ClInclude>
    <ClInclude Include="SceneMg.h">
      <Filter>Engine\Managers\SceneMg</Filter>
    </ClInclude>
  </ItemGroup>
  <ItemGroup>
    <ClCompile Include="WinStudy.cpp">
      <Filter>소스 파일</Filter>
    </ClCompile>
    <ClCompile Include="pch.cpp">
      <Filter>pch</Filter>
    </ClCompile>
    <ClCompile Include="Core.cpp">
      <Filter>Engine\core</Filter>
    </ClCompile>
    <ClCompile Include="Object.cpp">
      <Filter>Engine\Object</Filter>
    </ClCompile>
    <ClCompile Include="TimeMg.cpp">
      <Filter>Engine\Managers\TimeMg</Filter>
    </ClCompile>
    <ClCompile Include="KeyMg.cpp">
      <Filter>Engine\Managers\KeyMg</Filter>
    </ClCompile>
    <ClCompile Include="Scene.cpp">
      <Filter>Engine\scene</Filter>
    </ClCompile>
    <ClCompile Include="SceneMg.cpp">
      <Filter>Engine\Managers\SceneMg</Filter>
    </ClCompile>
  </ItemGroup>
  <ItemGroup>
    <ResourceCompile Include="WinStudy.rc">
      <Filter>리소스 파일</Filter>
    </ResourceCompile>
  </ItemGroup>
  <ItemGroup>
    <Image Include="small.ico">
      <Filter>리소스 파일</Filter>
    </Image>
    <Image Include="WinStudy.ico">
      <Filter>리소스 파일</Filter>
    </Image>
  </ItemGroup>
</Project>